
Microsoft Visual Studio Solution File, Format Version 12.00
Project("{FAE04EC0-301F-11D3-BF4B-00C04F79EFBC}") = "OrbitGame", "OrbitGame\OrbitGame.csproj", "{87B75D0F-17B0-45D8-B670-F35BC18943E0}"
EndProject
Project("{FAE04EC0-301F-11D3-BF4B-00C04F79EFBC}") = "OrbitGame.Tests", "OrbitGame.Tests\OrbitGame.Tests.csproj", "{79B1AA0C-5DC4-4360-AEEB-E8587F35DD66}"
EndProject
Project("{FAE04EC0-301F-11D3-BF4B-00C04F79EFBC}") = "OrbitGame.Profiling", "OrbitGame.Profiling\OrbitGame.Profiling.csproj", "{EAEA90C8-0B0A-4129-8310-BAA6360B12FE}"
EndProject
Project("{FAE04EC0-301F-11D3-BF4B-00C04F79EFBC}") = "qQEngine", "qQEngine\qQEngine.csproj", "{22DD4D3B-1ED8-4242-9201-BF140F32BAF9}"
EndProject
Global
	GlobalSection(SolutionConfigurationPlatforms) = preSolution
		Debug|Any CPU = Debug|Any CPU
		Release|Any CPU = Release|Any CPU
	EndGlobalSection
	GlobalSection(ProjectConfigurationPlatforms) = postSolution
		{87B75D0F-17B0-45D8-B670-F35BC18943E0}.Debug|Any CPU.ActiveCfg = Debug|Any CPU
		{87B75D0F-17B0-45D8-B670-F35BC18943E0}.Debug|Any CPU.Build.0 = Debug|Any CPU
		{87B75D0F-17B0-45D8-B670-F35BC18943E0}.Release|Any CPU.ActiveCfg = Release|Any CPU
		{87B75D0F-17B0-45D8-B670-F35BC18943E0}.Release|Any CPU.Build.0 = Release|Any CPU
		{79B1AA0C-5DC4-4360-AEEB-E8587F35DD66}.Debug|Any CPU.ActiveCfg = Debug|Any CPU
		{79B1AA0C-5DC4-4360-AEEB-E8587F35DD66}.Debug|Any CPU.Build.0 = Debug|Any CPU
		{79B1AA0C-5DC4-4360-AEEB-E8587F35DD66}.Release|Any CPU.ActiveCfg = Release|Any CPU
		{79B1AA0C-5DC4-4360-AEEB-E8587F35DD66}.Release|Any CPU.Build.0 = Release|Any CPU
		{EAEA90C8-0B0A-4129-8310-BAA6360B12FE}.Debug|Any CPU.ActiveCfg = Debug|Any CPU
		{EAEA90C8-0B0A-4129-8310-BAA6360B12FE}.Debug|Any CPU.Build.0 = Debug|Any CPU
		{EAEA90C8-0B0A-4129-8310-BAA6360B12FE}.Release|Any CPU.ActiveCfg = Release|Any CPU
		{EAEA90C8-0B0A-4129-8310-BAA6360B12FE}.Release|Any CPU.Build.0 = Release|Any CPU
		{22DD4D3B-1ED8-4242-9201-BF140F32BAF9}.Debug|Any CPU.ActiveCfg = Debug|Any CPU
		{22DD4D3B-1ED8-4242-9201-BF140F32BAF9}.Debug|Any CPU.Build.0 = Debug|Any CPU
		{22DD4D3B-1ED8-4242-9201-BF140F32BAF9}.Release|Any CPU.ActiveCfg = Release|Any CPU
		{22DD4D3B-1ED8-4242-9201-BF140F32BAF9}.Release|Any CPU.Build.0 = Release|Any CPU
	EndGlobalSection
EndGlobal
